
Microsoft Visual Studio Solution File, Format Version 12.00
# Visual Studio Version 16
VisualStudioVersion = 16.0.31402.337
MinimumVisualStudioVersion = 10.0.40219.1
Project("{FAE04EC0-301F-11D3-BF4B-00C04F79EFBC}") = "chatroom", "chatroom\chatroom.csproj", "{25954983-3D5C-4DAD-A733-DC493F6BF2B6}"
EndProject
Global
	GlobalSection(SolutionConfigurationPlatforms) = preSolution
		Debug|Any CPU = Debug|Any CPU
		Release|Any CPU = Release|Any CPU
	EndGlobalSection
	GlobalSection(ProjectConfigurationPlatforms) = postSolution
		{25954983-3D5C-4DAD-A733-DC493F6BF2B6}.Debug|Any CPU.ActiveCfg = Debug|Any CPU
		{25954983-3D5C-4DAD-A733-DC493F6BF2B6}.Debug|Any CPU.Build.0 = Debug|Any CPU
		{25954983-3D5C-4DAD-A733-DC493F6BF2B6}.Release|Any CPU.ActiveCfg = Release|Any CPU
		{25954983-3D5C-4DAD-A733-DC493F6BF2B6}.Release|Any CPU.Build.0 = Release|Any CPU
	EndGlobalSection
	GlobalSection(SolutionProperties) = preSolution
		HideSolutionNode = FALSE
	EndGlobalSection
	GlobalSection(ExtensibilityGlobals) = postSolution
		SolutionGuid = {DBAAF43A-10F6-4349-BCFB-7BA5B9056749}
	EndGlobalSection
EndGlobal
